
Microsoft Visual Studio Solution File, Format Version 12.00
# Visual Studio Version 16
VisualStudioVersion = 25.0.1706.8
MinimumVisualStudioVersion = 10.0.40219.1
Project("{FAE04EC0-301F-11D3-BF4B-00C04F79EFBC}") = "Treefrog", "Treefrog\Treefrog.csproj", "{ECFD4DA6-BD3C-42EC-9F37-836728D74A0E}"
EndProject
Global
	GlobalSection(SolutionConfigurationPlatforms) = preSolution
		Debug|Any CPU = Debug|Any CPU
		Release|Any CPU = Release|Any CPU
	EndGlobalSection
	GlobalSection(ProjectConfigurationPlatforms) = postSolution
		{ECFD4DA6-BD3C-42EC-9F37-836728D74A0E}.Debug|Any CPU.ActiveCfg = Debug|Any CPU
		{ECFD4DA6-BD3C-42EC-9F37-836728D74A0E}.Debug|Any CPU.Build.0 = Debug|Any CPU
		{ECFD4DA6-BD3C-42EC-9F37-836728D74A0E}.Release|Any CPU.ActiveCfg = Release|Any CPU
		{ECFD4DA6-BD3C-42EC-9F37-836728D74A0E}.Release|Any CPU.Build.0 = Release|Any CPU
	EndGlobalSection
	GlobalSection(SolutionProperties) = preSolution
		HideSolutionNode = FALSE
	EndGlobalSection
	GlobalSection(ExtensibilityGlobals) = postSolution
		SolutionGuid = {C8C27A16-442F-47B4-9C3D-BEED55DD4D67}
	EndGlobalSection
EndGlobal
